
Microsoft Visual Studio Solution File, Format Version 12.00
# Visual Studio Version 17
VisualStudioVersion = 17.3.32825.248
MinimumVisualStudioVersion = 10.0.40219.1
Project("{FAE04EC0-301F-11D3-BF4B-00C04F79EFBC}") = "Q1", "Q1\Q1.csproj", "{61C40B94-065C-4EB3-964F-B4B0650A706F}"
EndProject
Project("{FAE04EC0-301F-11D3-BF4B-00C04F79EFBC}") = "Q2", "Q2\Q2.csproj", "{A8F99D9C-601D-440E-86A5-DEE7DA9A9A44}"
EndProject
Global
	GlobalSection(SolutionConfigurationPlatforms) = preSolution
		Debug|Any CPU = Debug|Any CPU
		Release|Any CPU = Release|Any CPU
	EndGlobalSection
	GlobalSection(ProjectConfigurationPlatforms) = postSolution
		{61C40B94-065C-4EB3-964F-B4B0650A706F}.Debug|Any CPU.ActiveCfg = Debug|Any CPU
		{61C40B94-065C-4EB3-964F-B4B0650A706F}.Debug|Any CPU.Build.0 = Debug|Any CPU
		{61C40B94-065C-4EB3-964F-B4B0650A706F}.Release|Any CPU.ActiveCfg = Release|Any CPU
		{61C40B94-065C-4EB3-964F-B4B0650A706F}.Release|Any CPU.Build.0 = Release|Any CPU
		{A8F99D9C-601D-440E-86A5-DEE7DA9A9A44}.Debug|Any CPU.ActiveCfg = Debug|Any CPU
		{A8F99D9C-601D-440E-86A5-DEE7DA9A9A44}.Debug|Any CPU.Build.0 = Debug|Any CPU
		{A8F99D9C-601D-440E-86A5-DEE7DA9A9A44}.Release|Any CPU.ActiveCfg = Release|Any CPU
		{A8F99D9C-601D-440E-86A5-DEE7DA9A9A44}.Release|Any CPU.Build.0 = Release|Any CPU
	EndGlobalSection
	GlobalSection(SolutionProperties) = preSolution
		HideSolutionNode = FALSE
	EndGlobalSection
	GlobalSection(ExtensibilityGlobals) = postSolution
		SolutionGuid = {F9B5AB07-23B0-47A0-8820-E4E2363E7B5B}
	EndGlobalSection
EndGlobal
